
Microsoft Visual Studio Solution File, Format Version 12.00
# Visual Studio Version 16
VisualStudioVersion = 16.0.31729.503
MinimumVisualStudioVersion = 10.0.40219.1
Project("{FAE04EC0-301F-11D3-BF4B-00C04F79EFBC}") = "NotificationSender", "NotificationSender\NotificationSender.csproj", "{01371E0D-5C0A-4B7E-9676-9B282D6ADA00}"
EndProject
Global
	GlobalSection(SolutionConfigurationPlatforms) = preSolution
		Debug|Any CPU = Debug|Any CPU
		Release|Any CPU = Release|Any CPU
	EndGlobalSection
	GlobalSection(ProjectConfigurationPlatforms) = postSolution
		{01371E0D-5C0A-4B7E-9676-9B282D6ADA00}.Debug|Any CPU.ActiveCfg = Debug|Any CPU
		{01371E0D-5C0A-4B7E-9676-9B282D6ADA00}.Debug|Any CPU.Build.0 = Debug|Any CPU
		{01371E0D-5C0A-4B7E-9676-9B282D6ADA00}.Release|Any CPU.ActiveCfg = Release|Any CPU
		{01371E0D-5C0A-4B7E-9676-9B282D6ADA00}.Release|Any CPU.Build.0 = Release|Any CPU
	EndGlobalSection
	GlobalSection(SolutionProperties) = preSolution
		HideSolutionNode = FALSE
	EndGlobalSection
	GlobalSection(ExtensibilityGlobals) = postSolution
		SolutionGuid = {815B7F3D-16AD-45FB-8202-DF1D464DB937}
	EndGlobalSection
EndGlobal
